version = 1
revision = 3
requires-python = ">=3.9"
resolution-markers = [
    "python_full_version >= '3.10'",
    "python_full_version < '3.10'",
]

[[package]]
name = "click"
version = "8.1.8"
source = { registry = "https://pypi.org/simple" }
resolution-markers = [
    "python_full_version < '3.10'",
]
dependencies = [
    { name = "colorama", marker = "python_full_version < '3.10' and sys_platform == 'win32'" },
]
sdist = { url = "https://files.pythonhosted.org/packages/b9/2e/0090cbf739cee7d23781ad4b89a9894a41538e4fcf4c31dcdd705b78eb8b/click-8.1.8.tar.gz", hash = "sha256:ed53c9d8990d83c2a27deae68e4ee337473f6330c040a31d4225c9574d16096a", size = 226593, upload-time = "2024-12-21T18:38:44.339Z" }
wheels = [
    { url = "https://files.pythonhosted.org/packages/7e/d4/7ebdbd03970677812aac39c869717059dbb71a4cfc033ca6e5221787892c/click-8.1.8-py3-none-any.whl", hash = "sha256:63c132bbbed01578a06712a2d1f497bb62d9c1c0d329b7903a866228027263b2", size = 98188, upload-time = "2024-12-21T18:38:41.666Z" },
]

[[package]]
name = "click"
version = "8.3.3"
source = { registry = "https://pypi.org/simple" }
resolution-markers = [
    "python_full_version >= '3.10'",
]
dependencies = [
    { name = "colorama", marker = "python_full_version >= '3.10' and sys_platform == 'win32'" },
]
sdist = { url = "https://files.pythonhosted.org/packages/bb/63/f9e1ea081ce35720d8b92acde70daaedace594dc93b693c869e0d5910718/click-8.3.3.tar.gz", hash = "sha256:398329ad4837b2ff7cbe1dd166a4c0f8900c3ca3a218de04466f38f6497f18a2", size = 328061, upload-time = "2026-04-22T15:11:27.506Z" }
wheels = [
    { url = "https://files.pythonhosted.org/packages/ae/44/c1221527f6a71a01ec6fbad7fa78f1d50dfa02217385cf0fa3eec7087d59/click-8.3.3-py3-none-any.whl", hash = "sha256:a2bf429bb3033c89fa4936ffb35d5cb471e3719e1f3c8a7c3fff0b8314305613", size = 110502, upload-time = "2026-04-22T15:11:25.044Z" },
]

[[package]]
name = "colorama"
version = "0.4.6"
source = { registry = "https://pypi.org/simple" }
sdist = { url = "https://files.pythonhosted.org/packages/d8/53/6f443c9a4a8358a93a6792e2acffb9d9d5cb0a5cfd8802644b7b1c9a02e4/colorama-0.4.6.tar.gz", hash = "sha256:08695f5cb7ed6e0531a20572697297273c47b8cae5a63ffc6d6ed5c201be6e44", size = 27697, upload-time = "2022-10-25T02:36:22.414Z" }
wheels = [
    { url = "https://files.pythonhosted.org/packages/d1/d6/3965ed04c63042e047cb6a3e6ed1a63a35087b6a609aa3a15ed8ac56c221/colorama-0.4.6-py2.py3-none-any.whl", hash = "sha256:4f1d9991f5acc0ca119f9d443620b77f9d6b33703e51011c16baf57afb285fc6", size = 25335, upload-time = "2022-10-25T02:36:20.889Z" },
]

[[package]]
name = "morningstreams"
source = { editable = "." }
dependencies = [
    { name = "click", version = "8.1.8", source = { registry = "https://pypi.org/simple" }, marker = "python_full_version < '3.10'" },
    { name = "click", version = "8.3.3", source = { registry = "https://pypi.org/simple" }, marker = "python_full_version >= '3.10'" },
]

[package.dev-dependencies]
dev = [
    { name = "ruff" },
    { name = "ty" },
]

[package.metadata]
requires-dist = [{ name = "click", specifier = ">=8.1.3" }]

[package.metadata.requires-dev]
dev = [
    { name = "ruff", specifier = ">=0.14.13" },
    { name = "ty", specifier = ">=0.0.12" },
]

[[package]]
name = "ruff"
version = "0.15.12"
source = { registry = "https://pypi.org/simple" }
sdist = { url = "https://files.pythonhosted.org/packages/99/43/3291f1cc9106f4c63bdce7a8d0df5047fe8422a75b091c16b5e9355e0b11/ruff-0.15.12.tar.gz", hash = "sha256:ecea26adb26b4232c0c2ca19ccbc0083a68344180bba2a600605538ce51a40a6", size = 4643852, upload-time = "2026-04-24T18:17:14.305Z" }
wheels = [
    { url = "https://files.pythonhosted.org/packages/c3/6e/e78ffb61d4686f3d96ba3df2c801161843746dcbcbb17a1e927d4829312b/ruff-0.15.12-py3-none-linux_armv6l.whl", hash = "sha256:f86f176e188e94d6bdbc09f09bfd9dc729059ad93d0e7390b5a73efe19f8861c", size = 10640713, upload-time = "2026-04-24T18:17:22.841Z" },
    { url = "https://files.pythonhosted.org/packages/ae/08/a317bc231fb9e7b93e4ef3089501e51922ff88d6936ce5cf870c4fe55419/ruff-0.15.12-py3-none-macosx_10_12_x86_64.whl", hash = "sha256:e3bcd123364c3770b8e1b7baaf343cc99a35f197c5c6e8af79015c666c423a6c", size = 11069267, upload-time = "2026-04-24T18:17:30.105Z" },
    { url = "https://files.pythonhosted.org/packages/aa/a4/f828e9718d3dce1f5f11c39c4f65afd32783c8b2aebb2e3d259e492c47bd/ruff-0.15.12-py3-none-macosx_11_0_arm64.whl", hash = "sha256:fe87510d000220aa1ed530d4448a7c696a0cae1213e5ec30e5874287b66557b5", size = 10397182, upload-time = "2026-04-24T18:17:07.177Z" },
    { url = "https://files.pythonhosted.org/packages/71/e0/3310fc6d1b5e1fdea22bf3b1b807c7e187b581021b0d7d4514cccdb5fb71/ruff-0.15.12-py3-none-manylinux_2_17_aarch64.manylinux2014_aarch64.whl", hash = "sha256:84a1630093121375a3e2a95b4a6dc7b59e2b4ee76216e32d81aae550a832d002", size = 10758012, upload-time = "2026-04-24T18:16:55.759Z" },
    { url = "https://files.pythonhosted.org/packages/11/c1/a606911aee04c324ddaa883ae418f3569792fd3c4a10c50e0dd0a2311e1e/ruff-0.15.12-py3-none-manylinux_2_17_armv7l.manylinux2014_armv7l.whl", hash = "sha256:fb129f40f114f089ebe0ca56c0d251cf2061b17651d464bb6478dc01e69f11f5", size = 10447479, upload-time = "2026-04-24T18:16:51.677Z" },
    { url = "https://files.pythonhosted.org/packages/9d/68/4201e8444f0894f21ab4aeeaee68aa4f10b51613514a20d80bd628d57e88/ruff-0.15.12-py3-none-manylinux_2_17_i686.manylinux2014_i686.whl", hash = "sha256:b0c862b172d695db7598426b8af465e7e9ac00a3ea2a3630ee67eb82e366aaa6", size = 11234040, upload-time = "2026-04-24T18:17:16.529Z" },
    { url = "https://files.pythonhosted.org/packages/34/ff/8a6d6cf4ccc23fd67060874e832c18919d1557a0611ebef03fdb01fff11e/ruff-0.15.12-py3-none-manylinux_2_17_ppc64le.manylinux2014_ppc64le.whl", hash = "sha256:2849ea9f3484c3aca43a82f484210370319e7170df4dfe4843395ddf6c57bc33", size = 12087377, upload-time = "2026-04-24T18:17:04.944Z" },
    { url = "https://files.pythonhosted.org/packages/85/f6/c669cf73f5152f623d34e69866a46d5e6185816b19fcd5b6dd8a2d299922/ruff-0.15.12-py3-none-manylinux_2_17_s390x.manylinux2014_s390x.whl", hash = "sha256:9e77c7e51c07fe396826d5969a5b846d9cd4c402535835fb6e21ce8b28fef847", size = 11367784, upload-time = "2026-04-24T18:17:25.409Z" },
    { url = "https://files.pythonhosted.org/packages/e8/39/c61d193b8a1daaa8977f7dea9e8d8ba866e02ea7b65d32f6861693aa4c12/ruff-0.15.12-py3-none-manylinux_2_17_x86_64.manylinux2014_x86_64.whl", hash = "sha256:83b2f4f2f3b1026b5fb449b467d9264bf22067b600f7b6f41fc5958909f449d0", size = 11344088, upload-time = "2026-04-24T18:17:12.258Z" },
    { url = "https://files.pythonhosted.org/packages/c2/8d/49afab3645e31e12c590acb6d3b5b69d7aab5b81926dbaf7461f9441f37a/ruff-0.15.12-py3-none-manylinux_2_31_riscv64.whl", hash = "sha256:9ba3b8f1afd7e2e43d8943e55f249e13f9682fde09711644a6e7290eb4f3e339", size = 11271770, upload-time = "2026-04-24T18:17:02.457Z" },
    { url = "https://files.pythonhosted.org/packages/46/06/33f41fe94403e2b755481cdfb9b7ef3e4e0ed031c4581124658d935d52b4/ruff-0.15.12-py3-none-musllinux_1_2_aarch64.whl", hash = "sha256:e852ba9fdc890655e1d78f2df1499efbe0e54126bd405362154a75e2bde159c5", size = 10719355, upload-time = "2026-04-24T18:17:27.648Z" },
    { url = "https://files.pythonhosted.org/packages/0d/59/18aa4e014debbf559670e4048e39260a85c7fcee84acfd761ac01e7b8d35/ruff-0.15.12-py3-none-musllinux_1_2_armv7l.whl", hash = "sha256:dd8aed930da53780d22fc70bdf84452c843cf64f8cb4eb38984319c24c5cd5fd", size = 10462758, upload-time = "2026-04-24T18:17:32.347Z" },
    { url = "https://files.pythonhosted.org/packages/25/e7/cc9f16fd0f3b5fddcbd7ec3d6ae30c8f3fde1047f32a4093a98d633c6570/ruff-0.15.12-py3-none-musllinux_1_2_i686.whl", hash = "sha256:01da3988d225628b709493d7dc67c3b9b12c0210016b08690ef9bd27970b262b", size = 10953498, upload-time = "2026-04-24T18:17:20.674Z" },
    { url = "https://files.pythonhosted.org/packages/72/7a/a9ba7f98c7a575978698f4230c5e8cc54bbc761af34f560818f933dafa0c/ruff-0.15.12-py3-none-musllinux_1_2_x86_64.whl", hash = "sha256:9cae0f92bd5700d1213188b31cd3bdd2b315361296d10b96b8e2337d3d11f53e", size = 11447765, upload-time = "2026-04-24T18:17:09.755Z" },
    { url = "https://files.pythonhosted.org/packages/ea/f9/0ae446942c846b8266059ad8a30702a35afae55f5cdc54c5adf8d7afdc27/ruff-0.15.12-py3-none-win32.whl", hash = "sha256:d0185894e038d7043ba8fd6aee7499ece6462dc0ea9f1e260c7451807c714c20", size = 10657277, upload-time = "2026-04-24T18:17:18.591Z" },
    { url = "https://files.pythonhosted.org/packages/33/f1/9614e03e1cdcbf9437570b5400ced8a720b5db22b28d8e0f1bda429f660d/ruff-0.15.12-py3-none-win_amd64.whl", hash = "sha256:c87a162d61ab3adca47c03f7f717c68672edec7d1b5499e652331780fe74950d", size = 11837758, upload-time = "2026-04-24T18:17:00.113Z" },
    { url = "https://files.pythonhosted.org/packages/c0/98/6beb4b351e472e5f4c4613f7c35a5290b8be2497e183825310c4c3a3984b/ruff-0.15.12-py3-none-win_arm64.whl", hash = "sha256:a538f7a82d061cee7be55542aca1d86d1393d55d81d4fcc314370f4340930d4f", size = 11120821, upload-time = "2026-04-24T18:16:57.979Z" },
]

[[package]]
name = "ty"
version = "0.0.34"
source = { registry = "https://pypi.org/simple" }
sdist = { url = "https://files.pythonhosted.org/packages/c4/69/e24eefe2c35c0fdbdec9b60e162727af669bb76d64d993d982eb67b24c38/ty-0.0.34.tar.gz", hash = "sha256:a6efe66b0f13c03a65e6c72ec9abfe2792e2fd063c74fa67e2c4930e29d661be", size = 5585933, upload-time = "2026-05-01T23:06:46.388Z" }
wheels = [
    { url = "https://files.pythonhosted.org/packages/83/7b/8b85003d6639ef17a97dcbb31f4511cfe78f1c81a964470db100c8c883e7/ty-0.0.34-py3-none-linux_armv6l.whl", hash = "sha256:9ecc3d14f07a95a6ceb88e07f8e62358dbd37325d3d5bd56da7217ff1fef7fb8", size = 11067094, upload-time = "2026-05-01T23:06:21.133Z" },
    { url = "https://files.pythonhosted.org/packages/d7/25/b0098f65b020b015c40567c763fc66fffbec88b2ba6f584bca1e92f05ebb/ty-0.0.34-py3-none-macosx_10_12_x86_64.whl", hash = "sha256:0dccffd8a9d02321cd2dee3249df205e26d62694e741f4eeca36b157fd8b419f", size = 10840909, upload-time = "2026-05-01T23:06:18.409Z" },
    { url = "https://files.pythonhosted.org/packages/e4/55/5e4adcf7d2a1006b844903b27cb81244a9b748d850433a46a6c21776c401/ty-0.0.34-py3-none-macosx_11_0_arm64.whl", hash = "sha256:b0ea47a2998e167ab3b21d2f4b5309a9cf33c297809f6d7e3e753252223174d0", size = 10279378, upload-time = "2026-05-01T23:06:37.962Z" },
    { url = "https://files.pythonhosted.org/packages/4d/91/f537dca0db8fe2558e8ab04d8941d687b384fcc1df5eb9023b2db75ac26c/ty-0.0.34-py3-none-manylinux_2_17_aarch64.manylinux2014_aarch64.whl", hash = "sha256:8b37da00b41a118a459ae56d8947e70651073fb33ebfbceb820e4a10b22d5023", size = 10817423, upload-time = "2026-05-01T23:06:26.247Z" },
    { url = "https://files.pythonhosted.org/packages/2c/c4/55a3ad1da2815af1009bdc1b8c90dc11a364cd314e4b48c5128ba9d38859/ty-0.0.34-py3-none-manylinux_2_17_armv7l.manylinux2014_armv7l.whl", hash = "sha256:81cbbb93c2342fe3de43e625d3a9eb149633e9f485e816ebf6395d08685355d8", size = 10851826, upload-time = "2026-05-01T23:06:24.198Z" },
    { url = "https://files.pythonhosted.org/packages/ce/8c/9c7606af22d73fb43ea4369472d9c66ece11231be73b0efe8e3c61655559/ty-0.0.34-py3-none-manylinux_2_17_i686.manylinux2014_i686.whl", hash = "sha256:4c5b4dea1594a021289e172582df9cde7089dce14b276fc650e7b212b1772e12", size = 11356318, upload-time = "2026-05-01T23:06:51.139Z" },
    { url = "https://files.pythonhosted.org/packages/20/54/bb423f663721ab4138b216425c6b55eaefd3a068243b24d6d8fe988f4e13/ty-0.0.34-py3-none-manylinux_2_17_ppc64le.manylinux2014_ppc64le.whl", hash = "sha256:030fb00aa2d2a5b5ae9d9183d574e0c82dae80566700a7490c43669d8ece40cd", size = 11902968, upload-time = "2026-05-01T23:06:35.82Z" },
    { url = "https://files.pythonhosted.org/packages/b6/22/01122b21ab6b534a2f618c6bbe5f1f7f49fd56f4b2ec8887cd6d40d08fb3/ty-0.0.34-py3-none-manylinux_2_17_s390x.manylinux2014_s390x.whl", hash = "sha256:5ae9555e24e36c63a8218e037a5a63f15579eb6aa94f41017e57cd41d335cfb5", size = 11548860, upload-time = "2026-05-01T23:06:42.155Z" },
    { url = "https://files.pythonhosted.org/packages/d1/50/86008b1392ec64bed1957bbcc7aaa43b466b50dfc91bb131841c21d7c5c3/ty-0.0.34-py3-none-manylinux_2_17_x86_64.manylinux2014_x86_64.whl", hash = "sha256:99eb23df9ed129fc26d1ab00d6f0b8dfe5253b09c2ac6abdb11523fa70d67f10", size = 11457097, upload-time = "2026-05-01T23:06:53.477Z" },
    { url = "https://files.pythonhosted.org/packages/92/3e/4558b2296963ba99c58d8409c57d7db4f3061b656c3613cb21c02c1ef4c2/ty-0.0.34-py3-none-musllinux_1_2_aarch64.whl", hash = "sha256:85de45382016eceae69e104815eb2cfa200787df104002e262a86cbd43ed2c02", size = 10798192, upload-time = "2026-05-01T23:06:40.004Z" },
    { url = "https://files.pythonhosted.org/packages/76/bf/650d24402be2ef678528d60caac1d9477a40fc37e3792ecef07834fd7a4a/ty-0.0.34-py3-none-musllinux_1_2_armv7l.whl", hash = "sha256:14cb575fb8fa5131f5129d100cfe23c1575d23faf5dfc5158432749a3e38c9b5", size = 10890390, upload-time = "2026-05-01T23:06:33.076Z" },
    { url = "https://files.pythonhosted.org/packages/5c/ef/ccd2ca13906079f7935fd7e067661b24233017f57d987d51d6a121d85bb5/ty-0.0.34-py3-none-musllinux_1_2_i686.whl", hash = "sha256:c6fc0b69d8450e6910ba9db34572b959b81329a97ae273c391f70e9fb6c1aade", size = 11031564, upload-time = "2026-05-01T23:06:55.812Z" },
    { url = "https://files.pythonhosted.org/packages/ba/2d/d27b72005b6f43599e3bcabab0d7135ac0c230b7a307bb99f9eea02c1cda/ty-0.0.34-py3-none-musllinux_1_2_x86_64.whl", hash = "sha256:30dfcec2f0fde3993f4f912ed0e057dcbebc8615299f610a4c2ddb7b5a3e1e06", size = 11553430, upload-time = "2026-05-01T23:06:31.096Z" },
    { url = "https://files.pythonhosted.org/packages/a7/12/20812e1ad930b8d4af70eebf19ad23cff6e31efcfa613ef884531fcdbaa1/ty-0.0.34-py3-none-win32.whl", hash = "sha256:97b77ddf007271b812a313a8f0a14929bc5590958433e1fb83ef585676f53342", size = 10436048, upload-time = "2026-05-01T23:06:49.108Z" },
    { url = "https://files.pythonhosted.org/packages/b0/6a/afa095c5987868fbda27c0f731146ac8e3d07b357adfa83daccaee5b1a16/ty-0.0.34-py3-none-win_amd64.whl", hash = "sha256:1f543968accb952705134028d1fda8656882787dbbc667ad4d6c3ba23791d604", size = 11462526, upload-time = "2026-05-01T23:06:28.514Z" },
    { url = "https://files.pythonhosted.org/packages/63/8f/bf041a06260d77662c0605e56dacfe90b786bf824cbe1aed238d15fe5e84/ty-0.0.34-py3-none-win_arm64.whl", hash = "sha256:ea09108cbcb16b6b06d7596312b433bf49681e78d30e4dc7fb3c1b248a95e09a", size = 10846945, upload-time = "2026-05-01T23:06:44.428Z" },
]
